
Microsoft Visual Studio Solution File, Format Version 12.00
# Visual Studio 15
VisualStudioVersion = 15.0.28307.489
MinimumVisualStudioVersion = 10.0.40219.1
Project("{FAE04EC0-301F-11D3-BF4B-00C04F79EFBC}") = "APUPayWebAPI", "APUPayWebAPI\APUPayWebAPI.csproj", "{12ED8B4D-C200-43D7-9FE9-7029FEC62206}"
EndProject
Global
	GlobalSection(SolutionConfigurationPlatforms) = preSolution
		Debug|Any CPU = Debug|Any CPU
		Release|Any CPU = Release|Any CPU
	EndGlobalSection
	GlobalSection(ProjectConfigurationPlatforms) = postSolution
		{12ED8B4D-C200-43D7-9FE9-7029FEC62206}.Debug|Any CPU.ActiveCfg = Debug|Any CPU
		{12ED8B4D-C200-43D7-9FE9-7029FEC62206}.Debug|Any CPU.Build.0 = Debug|Any CPU
		{12ED8B4D-C200-43D7-9FE9-7029FEC62206}.Release|Any CPU.ActiveCfg = Release|Any CPU
		{12ED8B4D-C200-43D7-9FE9-7029FEC62206}.Release|Any CPU.Build.0 = Release|Any CPU
	EndGlobalSection
	GlobalSection(SolutionProperties) = preSolution
		HideSolutionNode = FALSE
	EndGlobalSection
	GlobalSection(ExtensibilityGlobals) = postSolution
		SolutionGuid = {143BF549-802B-4BC1-96EA-17E464D39016}
	EndGlobalSection
EndGlobal
