
Microsoft Visual Studio Solution File, Format Version 12.00
# Visual Studio 15
VisualStudioVersion = 15.0.28307.489
MinimumVisualStudioVersion = 10.0.40219.1
Project("{FAE04EC0-301F-11D3-BF4B-00C04F79EFBC}") = "APUPayAdmin", "APUPayAdmin\APUPayAdmin.csproj", "{339ECD27-130D-48C7-BCA2-7AA3E6EE11C9}"
EndProject
Global
	GlobalSection(SolutionConfigurationPlatforms) = preSolution
		Debug|Any CPU = Debug|Any CPU
		Release|Any CPU = Release|Any CPU
	EndGlobalSection
	GlobalSection(ProjectConfigurationPlatforms) = postSolution
		{339ECD27-130D-48C7-BCA2-7AA3E6EE11C9}.Debug|Any CPU.ActiveCfg = Debug|Any CPU
		{339ECD27-130D-48C7-BCA2-7AA3E6EE11C9}.Debug|Any CPU.Build.0 = Debug|Any CPU
		{339ECD27-130D-48C7-BCA2-7AA3E6EE11C9}.Release|Any CPU.ActiveCfg = Release|Any CPU
		{339ECD27-130D-48C7-BCA2-7AA3E6EE11C9}.Release|Any CPU.Build.0 = Release|Any CPU
	EndGlobalSection
	GlobalSection(SolutionProperties) = preSolution
		HideSolutionNode = FALSE
	EndGlobalSection
	GlobalSection(ExtensibilityGlobals) = postSolution
		SolutionGuid = {06F6FC2E-C819-4DBF-B3B6-8542496C3D17}
	EndGlobalSection
EndGlobal
